
Microsoft Visual Studio Solution File, Format Version 12.00
# Visual Studio Version 17
VisualStudioVersion = 17.1.32421.90
MinimumVisualStudioVersion = 10.0.40219.1
Project("{FAE04EC0-301F-11D3-BF4B-00C04F79EFBC}") = "Client_1", "Client_1\Client_1.csproj", "{7A17BDC8-E869-458B-A5B9-D3BFEE13EF43}"
EndProject
Global
	GlobalSection(SolutionConfigurationPlatforms) = preSolution
		Debug|Any CPU = Debug|Any CPU
		Release|Any CPU = Release|Any CPU
	EndGlobalSection
	GlobalSection(ProjectConfigurationPlatforms) = postSolution
		{7A17BDC8-E869-458B-A5B9-D3BFEE13EF43}.Debug|Any CPU.ActiveCfg = Debug|Any CPU
		{7A17BDC8-E869-458B-A5B9-D3BFEE13EF43}.Debug|Any CPU.Build.0 = Debug|Any CPU
		{7A17BDC8-E869-458B-A5B9-D3BFEE13EF43}.Release|Any CPU.ActiveCfg = Release|Any CPU
		{7A17BDC8-E869-458B-A5B9-D3BFEE13EF43}.Release|Any CPU.Build.0 = Release|Any CPU
	EndGlobalSection
	GlobalSection(SolutionProperties) = preSolution
		HideSolutionNode = FALSE
	EndGlobalSection
	GlobalSection(ExtensibilityGlobals) = postSolution
		SolutionGuid = {5DB97A17-49EB-4025-B1A2-301C33EE6B05}
	EndGlobalSection
EndGlobal
